
Microsoft Visual Studio Solution File, Format Version 12.00
# Visual Studio Version 16
VisualStudioVersion = 16.0.29021.104
MinimumVisualStudioVersion = 10.0.40219.1
Project("{9A19103F-16F7-4668-BE54-9A1E7A4F7556}") = "OpenSongWeb", "OpenSongWeb.csproj", "{5F5C82DA-FCA1-4A3F-9B58-726535B685E6}"
EndProject
Project("{2150E333-8FDC-42A3-9474-1A3956D46DE8}") = "ate-", "ate-", "{E96ED713-18F5-4857-8710-489A38656CED}"
EndProject
Global
	GlobalSection(SolutionConfigurationPlatforms) = preSolution
		Debug|Any CPU = Debug|Any CPU
		Release|Any CPU = Release|Any CPU
	EndGlobalSection
	GlobalSection(ProjectConfigurationPlatforms) = postSolution
		{5F5C82DA-FCA1-4A3F-9B58-726535B685E6}.Debug|Any CPU.ActiveCfg = Debug|Any CPU
		{5F5C82DA-FCA1-4A3F-9B58-726535B685E6}.Debug|Any CPU.Build.0 = Debug|Any CPU
		{5F5C82DA-FCA1-4A3F-9B58-726535B685E6}.Release|Any CPU.ActiveCfg = Release|Any CPU
		{5F5C82DA-FCA1-4A3F-9B58-726535B685E6}.Release|Any CPU.Build.0 = Release|Any CPU
	EndGlobalSection
	GlobalSection(SolutionProperties) = preSolution
		HideSolutionNode = FALSE
	EndGlobalSection
	GlobalSection(ExtensibilityGlobals) = postSolution
		SolutionGuid = {3E0F0167-CF93-4361-9CE5-4BBA4CB53A7F}
	EndGlobalSection
EndGlobal
